// !$*UTF8*$!
{
	archiveVersion = 1;
	classes = {
	};
	objectVersion = 77;
	objects = {

/* Begin PBXContainerItemProxy section */
		6D91C3652EEF0BDC000A82B1 /* PBXContainerItemProxy */ = {
			isa = PBXContainerItemProxy;
			containerPortal = 6D91C3462EEF0BDB000A82B1 /* Project object */;
			proxyType = 1;
			remoteGlobalIDString = 6D91C34D2EEF0BDB000A82B1;
			remoteInfo = ReadyUIKiteTask;
		};
		6D91C36F2EEF0BDC000A82B1 /* PBXContainerItemProxy */ = {
			isa = PBXContainerItemProxy;
			containerPortal = 6D91C3462EEF0BDB000A82B1 /* Project object */;
			proxyType = 1;
			remoteGlobalIDString = 6D91C34D2EEF0BDB000A82B1;
			remoteInfo = ReadyUIKiteTask;
		};
/* End PBXContainerItemProxy section */

/* Begin PBXFileReference section */
		6D91C34E2EEF0BDB000A82B1 /* ReadyUIKiteTask.app */ = {isa = PBXFileReference; explicitFileType = wrapper.application; includeInIndex = 0; path = ReadyUIKiteTask.app; sourceTree = BUILT_PRODUCTS_DIR; };
		6D91C3642EEF0BDC000A82B1 /* ReadyUIKiteTaskTests.xctest */ = {isa = PBXFileReference; explicitFileType = wrapper.cfbundle; includeInIndex = 0; path = ReadyUIKiteTaskTests.xctest; sourceTree = BUILT_PRODUCTS_DIR; };
		6D91C36E2EEF0BDC000A82B1 /* ReadyUIKiteTaskUITests.xctest */ = {isa = PBXFileReference; explicitFileType = wrapper.cfbundle; includeInIndex = 0; path = ReadyUIKiteTaskUITests.xctest; sourceTree = BUILT_PRODUCTS_DIR; };
/* End PBXFileReference section */

/* Begin PBXFileSystemSynchronizedBuildFileExceptionSet section */
		6D91C3762EEF0BDC000A82B1 /* Exceptions for "ReadyUIKiteTask" folder in "ReadyUIKiteTask" target */ = {
			isa = PBXFileSystemSynchronizedBuildFileExceptionSet;
			membershipExceptions = (
				Info.plist,
			);
			target = 6D91C34D2EEF0BDB000A82B1 /* ReadyUIKiteTask */;
		};
/* End PBXFileSystemSynchronizedBuildFileExceptionSet section */

/* Begin PBXFileSystemSynchronizedRootGroup section */
		6D91C3502EEF0BDB000A82B1 /* ReadyUIKiteTask */ = {
			isa = PBXFileSystemSynchronizedRootGroup;
			exceptions = (
				6D91C3762EEF0BDC000A82B1 /* Exceptions for "ReadyUIKiteTask" folder in "ReadyUIKiteTask" target */,
			);
			path = ReadyUIKiteTask;
			sourceTree = "<group>";
		};
		6D91C3672EEF0BDC000A82B1 /* ReadyUIKiteTaskTests */ = {
			isa = PBXFileSystemSynchronizedRootGroup;
			path = ReadyUIKiteTaskTests;
			sourceTree = "<group>";
		};
		6D91C3712EEF0BDC000A82B1 /* ReadyUIKiteTaskUITests */ = {
			isa = PBXFileSystemSynchronizedRootGroup;
			path = ReadyUIKiteTaskUITests;
			sourceTree = "<group>";
		};
/* End PBXFileSystemSynchronizedRootGroup section */

/* Begin PBXFrameworksBuildPhase section */
		6D91C34B2EEF0BDB000A82B1 /* Frameworks */ = {
			isa = PBXFrameworksBuildPhase;
			buildActionMask = 2147483647;
			files = (
			);
			runOnlyForDeploymentPostprocessing = 0;
		};
		6D91C3612EEF0BDC000A82B1 /* Frameworks */ = {
			isa = PBXFrameworksBuildPhase;
			buildActionMask = 2147483647;
			files = (
			);
			runOnlyForDeploymentPostprocessing = 0;
		};
		6D91C36B2EEF0BDC000A82B1 /* Frameworks */ = {
			isa = PBXFrameworksBuildPhase;
			buildActionMask = 2147483647;
			files = (
			);
			runOnlyForDeploymentPostprocessing = 0;
		};
/* End PBXFrameworksBuildPhase section */

/* Begin PBXGroup section */
		6D91C3452EEF0BDB000A82B1 = {
			isa = PBXGroup;
			children = (
				6D91C3502EEF0BDB000A82B1 /* ReadyUIKiteTask */,
				6D91C3672EEF0BDC000A82B1 /* ReadyUIKiteTaskTests */,
				6D91C3712EEF0BDC000A82B1 /* ReadyUIKiteTaskUITests */,
				6D91C34F2EEF0BDB000A82B1 /* Products */,
			);
			sourceTree = "<group>";
		};
		6D91C34F2EEF0BDB000A82B1 /* Products */ = {
			isa = PBXGroup;
			children = (
				6D91C34E2EEF0BDB000A82B1 /* ReadyUIKiteTask.app */,
				6D91C3642EEF0BDC000A82B1 /* ReadyUIKiteTaskTests.xctest */,
				6D91C36E2EEF0BDC000A82B1 /* ReadyUIKiteTaskUITests.xctest */,
			);
			name = Products;
			sourceTree = "<group>";
		};
/* End PBXGroup section */

/* Begin PBXNativeTarget section */
		6D91C34D2EEF0BDB000A82B1 /* ReadyUIKiteTask */ = {
			isa = PBXNativeTarget;
			buildConfigurationList = 6D91C3772EEF0BDC000A82B1 /* Build configuration list for PBXNativeTarget "ReadyUIKiteTask" */;
			buildPhases = (
				6D91C34A2EEF0BDB000A82B1 /* Sources */,
				6D91C34B2EEF0BDB000A82B1 /* Frameworks */,
				6D91C34C2EEF0BDB000A82B1 /* Resources */,
			);
			buildRules = (
			);
			dependencies = (
			);
			fileSystemSynchronizedGroups = (
				6D91C3502EEF0BDB000A82B1 /* ReadyUIKiteTask */,
			);
			name = ReadyUIKiteTask;
			packageProductDependencies = (
			);
			productName = ReadyUIKiteTask;
			productReference = 6D91C34E2EEF0BDB000A82B1 /* ReadyUIKiteTask.app */;
			productType = "com.apple.product-type.application";
		};
		6D91C3632EEF0BDC000A82B1 /* ReadyUIKiteTaskTests */ = {
			isa = PBXNativeTarget;
			buildConfigurationList = 6D91C37C2EEF0BDC000A82B1 /* Build configuration list for PBXNativeTarget "ReadyUIKiteTaskTests" */;
			buildPhases = (
				6D91C3602EEF0BDC000A82B1 /* Sources */,
				6D91C3612EEF0BDC000A82B1 /* Frameworks */,
				6D91C3622EEF0BDC000A82B1 /* Resources */,
			);
			buildRules = (
			);
			dependencies = (
				6D91C3662EEF0BDC000A82B1 /* PBXTargetDependency */,
			);
			fileSystemSynchronizedGroups = (
				6D91C3672EEF0BDC000A82B1 /* ReadyUIKiteTaskTests */,
			);
			name = ReadyUIKiteTaskTests;
			packageProductDependencies = (
			);
			productName = ReadyUIKiteTaskTests;
			productReference = 6D91C3642EEF0BDC000A82B1 /* ReadyUIKiteTaskTests.xctest */;
			productType = "com.apple.product-type.bundle.unit-test";
		};
		6D91C36D2EEF0BDC000A82B1 /* ReadyUIKiteTaskUITests */ = {
			isa = PBXNativeTarget;
			buildConfigurationList = 6D91C37F2EEF0BDC000A82B1 /* Build configuration list for PBXNativeTarget "ReadyUIKiteTaskUITests" */;
			buildPhases = (
				6D91C36A2EEF0BDC000A82B1 /* Sources */,
				6D91C36B2EEF0BDC000A82B1 /* Frameworks */,
				6D91C36C2EEF0BDC000A82B1 /* Resources */,
			);
			buildRules = (
			);
			dependencies = (
				6D91C3702EEF0BDC000A82B1 /* PBXTargetDependency */,
			);
			fileSystemSynchronizedGroups = (
				6D91C3712EEF0BDC000A82B1 /* ReadyUIKiteTaskUITests */,
			);
			name = ReadyUIKiteTaskUITests;
			packageProductDependencies = (
			);
			productName = ReadyUIKiteTaskUITests;
			productReference = 6D91C36E2EEF0BDC000A82B1 /* ReadyUIKiteTaskUITests.xctest */;
			productType = "com.apple.product-type.bundle.ui-testing";
		};
/* End PBXNativeTarget section */

/* Begin PBXProject section */
		6D91C3462EEF0BDB000A82B1 /* Project object */ = {
			isa = PBXProject;
			attributes = {
				BuildIndependentTargetsInParallel = 1;
				LastSwiftUpdateCheck = 2600;
				LastUpgradeCheck = 2600;
				TargetAttributes = {
					6D91C34D2EEF0BDB000A82B1 = {
						CreatedOnToolsVersion = 26.0.1;
					};
					6D91C3632EEF0BDC000A82B1 = {
						CreatedOnToolsVersion = 26.0.1;
						TestTargetID = 6D91C34D2EEF0BDB000A82B1;
					};
					6D91C36D2EEF0BDC000A82B1 = {
						CreatedOnToolsVersion = 26.0.1;
						TestTargetID = 6D91C34D2EEF0BDB000A82B1;
					};
				};
			};
			buildConfigurationList = 6D91C3492EEF0BDB000A82B1 /* Build configuration list for PBXProject "ReadyUIKiteTask" */;
			developmentRegion = en;
			hasScannedForEncodings = 0;
			knownRegions = (
				en,
				Base,
			);
			mainGroup = 6D91C3452EEF0BDB000A82B1;
			minimizedProjectReferenceProxies = 1;
			preferredProjectObjectVersion = 77;
			productRefGroup = 6D91C34F2EEF0BDB000A82B1 /* Products */;
			projectDirPath = "";
			projectRoot = "";
			targets = (
				6D91C34D2EEF0BDB000A82B1 /* ReadyUIKiteTask */,
				6D91C3632EEF0BDC000A82B1 /* ReadyUIKiteTaskTests */,
				6D91C36D2EEF0BDC000A82B1 /* ReadyUIKiteTaskUITests */,
			);
		};
/* End PBXProject section */

/* Begin PBXResourcesBuildPhase section */
		6D91C34C2EEF0BDB000A82B1 /* Resources */ = {
			isa = PBXResourcesBuildPhase;
			buildActionMask = 2147483647;
			files = (
			);
			runOnlyForDeploymentPostprocessing = 0;
		};
		6D91C3622EEF0BDC000A82B1 /* Resources */ = {
			isa = PBXResourcesBuildPhase;
			buildActionMask = 2147483647;
			files = (
			);
			runOnlyForDeploymentPostprocessing = 0;
		};
		6D91C36C2EEF0BDC000A82B1 /* Resources */ = {
			isa = PBXResourcesBuildPhase;
			buildActionMask = 2147483647;
			files = (
			);
			runOnlyForDeploymentPostprocessing = 0;
		};
/* End PBXResourcesBuildPhase section */

/* Begin PBXSourcesBuildPhase section */
		6D91C34A2EEF0BDB000A82B1 /* Sources */ = {
			isa = PBXSourcesBuildPhase;
			buildActionMask = 2147483647;
			files = (
			);
			runOnlyForDeploymentPostprocessing = 0;
		};
		6D91C3602EEF0BDC000A82B1 /* Sources */ = {
			isa = PBXSourcesBuildPhase;
			buildActionMask = 2147483647;
			files = (
			);
			runOnlyForDeploymentPostprocessing = 0;
		};
		6D91C36A2EEF0BDC000A82B1 /* Sources */ = {
			isa = PBXSourcesBuildPhase;
			buildActionMask = 2147483647;
			files = (
			);
			runOnlyForDeploymentPostprocessing = 0;
		};
/* End PBXSourcesBuildPhase section */

/* Begin PBXTargetDependency section */
		6D91C3662EEF0BDC000A82B1 /* PBXTargetDependency */ = {
			isa = PBXTargetDependency;
			target = 6D91C34D2EEF0BDB000A82B1 /* ReadyUIKiteTask */;
			targetProxy = 6D91C3652EEF0BDC000A82B1 /* PBXContainerItemProxy */;
		};
		6D91C3702EEF0BDC000A82B1 /* PBXTargetDependency */ = {
			isa = PBXTargetDependency;
			target = 6D91C34D2EEF0BDB000A82B1 /* ReadyUIKiteTask */;
			targetProxy = 6D91C36F2EEF0BDC000A82B1 /* PBXContainerItemProxy */;
		};
/* End PBXTargetDependency section */

/* Begin XCBuildConfiguration section */
		6D91C3782EEF0BDC000A82B1 /* Debug */ = {
			isa = XCBuildConfiguration;
			buildSettings = {
				ASSETCATALOG_COMPILER_APPICON_NAME = AppIcon;
				ASSETCATALOG_COMPILER_GLOBAL_ACCENT_COLOR_NAME = AccentColor;
				CODE_SIGN_STYLE = Automatic;
				CURRENT_PROJECT_VERSION = 1;
				DEVELOPMENT_TEAM = 2SA3MG4CCA;
				GENERATE_INFOPLIST_FILE = YES;
				INFOPLIST_FILE = ReadyUIKiteTask/Info.plist;
				INFOPLIST_KEY_UIApplicationSupportsIndirectInputEvents = YES;
				INFOPLIST_KEY_UILaunchStoryboardName = LaunchScreen;
				INFOPLIST_KEY_UISupportedInterfaceOrientations_iPad = "UIInterfaceOrientationPortrait UIInterfaceOrientationPortraitUpsideDown UIInterfaceOrientationLandscapeLeft UIInterfaceOrientationLandscapeRight";
				INFOPLIST_KEY_UISupportedInterfaceOrientations_iPhone = "UIInterfaceOrientationPortrait UIInterfaceOrientationLandscapeLeft UIInterfaceOrientationLandscapeRight";
				LD_RUNPATH_SEARCH_PATHS = (
					"$(inherited)",
					"@executable_path/Frameworks",
				);
				MARKETING_VERSION = 1.0;
				PRODUCT_BUNDLE_IDENTIFIER = com.attallah.ReadyUIKiteTask;
				PRODUCT_NAME = "$(TARGET_NAME)";
				STRING_CATALOG_GENERATE_SYMBOLS = YES;
				SWIFT_APPROACHABLE_CONCURRENCY = YES;
				SWIFT_DEFAULT_ACTOR_ISOLATION = MainActor;
				SWIFT_EMIT_LOC_STRINGS = YES;
				SWIFT_UPCOMING_FEATURE_MEMBER_IMPORT_VISIBILITY = YES;
				SWIFT_VERSION = 5.0;
				TARGETED_DEVICE_FAMILY = "1,2";
			};
			name = Debug;
		};
		6D91C3792EEF0BDC000A82B1 /* Release */ = {
			isa = XCBuildConfiguration;
			buildSettings = {
				ASSETCATALOG_COMPILER_APPICON_NAME = AppIcon;
				ASSETCATALOG_COMPILER_GLOBAL_ACCENT_COLOR_NAME = AccentColor;
				CODE_SIGN_STYLE = Automatic;
				CURRENT_PROJECT_VERSION = 1;
				DEVELOPMENT_TEAM = 2SA3MG4CCA;
				GENERATE_INFOPLIST_FILE = YES;
				INFOPLIST_FILE = ReadyUIKiteTask/Info.plist;
				INFOPLIST_KEY_UIApplicationSupportsIndirectInputEvents = YES;
				INFOPLIST_KEY_UILaunchStoryboardName = LaunchScreen;
				INFOPLIST_KEY_UISupportedInterfaceOrientations_iPad = "UIInterfaceOrientationPortrait UIInterfaceOrientationPortraitUpsideDown UIInterfaceOrientationLandscapeLeft UIInterfaceOrientationLandscapeRight";
				INFOPLIST_KEY_UISupportedInterfaceOrientations_iPhone = "UIInterfaceOrientationPortrait UIInterfaceOrientationLandscapeLeft UIInterfaceOrientationLandscapeRight";
				LD_RUNPATH_SEARCH_PATHS = (
					"$(inherited)",
					"@executable_path/Frameworks",
				);
				MARKETING_VERSION = 1.0;
				PRODUCT_BUNDLE_IDENTIFIER = com.attallah.ReadyUIKiteTask;
				PRODUCT_NAME = "$(TARGET_NAME)";
				STRING_CATALOG_GENERATE_SYMBOLS = YES;
				SWIFT_APPROACHABLE_CONCURRENCY = YES;
				SWIFT_DEFAULT_ACTOR_ISOLATION = MainActor;
				SWIFT_EMIT_LOC_STRINGS = YES;
				SWIFT_UPCOMING_FEATURE_MEMBER_IMPORT_VISIBILITY = YES;
				SWIFT_VERSION = 5.0;
				TARGETED_DEVICE_FAMILY = "1,2";
			};
			name = Release;
		};
		6D91C37A2EEF0BDC000A82B1 /* Debug */ = {
			isa = XCBuildConfiguration;
			buildSettings = {
				ALWAYS_SEARCH_USER_PATHS = NO;
				ASSETCATALOG_COMPILER_GENERATE_SWIFT_ASSET_SYMBOL_EXTENSIONS = YES;
				CLANG_ANALYZER_NONNULL = YES;
				CLANG_ANALYZER_NUMBER_OBJECT_CONVERSION = YES_AGGRESSIVE;
				CLANG_CXX_LANGUAGE_STANDARD = "gnu++20";
				CLANG_ENABLE_MODULES = YES;
				CLANG_ENABLE_OBJC_ARC = YES;
				CLANG_ENABLE_OBJC_WEAK = YES;
				CLANG_WARN_BLOCK_CAPTURE_AUTORELEASING = YES;
				CLANG_WARN_BOOL_CONVERSION = YES;
				CLANG_WARN_COMMA = YES;
				CLANG_WARN_CONSTANT_CONVERSION = YES;
				CLANG_WARN_DEPRECATED_OBJC_IMPLEMENTATIONS = YES;
				CLANG_WARN_DIRECT_OBJC_ISA_USAGE = YES_ERROR;
				CLANG_WARN_DOCUMENTATION_COMMENTS = YES;
				CLANG_WARN_EMPTY_BODY = YES;
				CLANG_WARN_ENUM_CONVERSION = YES;
				CLANG_WARN_INFINITE_RECURSION = YES;
				CLANG_WARN_INT_CONVERSION = YES;
				CLANG_WARN_NON_LITERAL_NULL_CONVERSION = YES;
				CLANG_WARN_OBJC_IMPLICIT_RETAIN_SELF = YES;
				CLANG_WARN_OBJC_LITERAL_CONVERSION = YES;
				CLANG_WARN_OBJC_ROOT_CLASS = YES_ERROR;
				CLANG_WARN_QUOTED_INCLUDE_IN_FRAMEWORK_HEADER = YES;
				CLANG_WARN_RANGE_LOOP_ANALYSIS = YES;
				CLANG_WARN_STRICT_PROTOTYPES = YES;
				CLANG_WARN_SUSPICIOUS_MOVE = YES;
				CLANG_WARN_UNGUARDED_AVAILABILITY = YES_AGGRESSIVE;
				CLANG_WARN_UNREACHABLE_CODE = YES;
				CLANG_WARN__DUPLICATE_METHOD_MATCH = YES;
				COPY_PHASE_STRIP = NO;
				DEBUG_INFORMATION_FORMAT = dwarf;
				DEVELOPMENT_TEAM = 2SA3MG4CCA;
				ENABLE_STRICT_OBJC_MSGSEND = YES;
				ENABLE_TESTABILITY = YES;
				ENABLE_USER_SCRIPT_SANDBOXING = YES;
				GCC_C_LANGUAGE_STANDARD = gnu17;
				GCC_DYNAMIC_NO_PIC = NO;
				GCC_NO_COMMON_BLOCKS = YES;
				GCC_OPTIMIZATION_LEVEL = 0;
				GCC_PREPROCESSOR_DEFINITIONS = (
					"DEBUG=1",
					"$(inherited)",
				);
				GCC_WARN_64_TO_32_BIT_CONVERSION = YES;
				GCC_WARN_ABOUT_RETURN_TYPE = YES_ERROR;
				GCC_WARN_UNDECLARED_SELECTOR = YES;
				GCC_WARN_UNINITIALIZED_AUTOS = YES_AGGRESSIVE;
				GCC_WARN_UNUSED_FUNCTION = YES;
				GCC_WARN_UNUSED_VARIABLE = YES;
				IPHONEOS_DEPLOYMENT_TARGET = 26.0;
				LOCALIZATION_PREFERS_STRING_CATALOGS = YES;
				MTL_ENABLE_DEBUG_INFO = INCLUDE_SOURCE;
				MTL_FAST_MATH = YES;
				ONLY_ACTIVE_ARCH = YES;
				SDKROOT = iphoneos;
				SWIFT_ACTIVE_COMPILATION_CONDITIONS = "DEBUG $(inherited)";
				SWIFT_OPTIMIZATION_LEVEL = "-Onone";
			};
			name = Debug;
		};
		6D91C37B2EEF0BDC000A82B1 /* Release */ = {
			isa = XCBuildConfiguration;
			buildSettings = {
				ALWAYS_SEARCH_USER_PATHS = NO;
				ASSETCATALOG_COMPILER_GENERATE_SWIFT_ASSET_SYMBOL_EXTENSIONS = YES;
				CLANG_ANALYZER_NONNULL = YES;
				CLANG_ANALYZER_NUMBER_OBJECT_CONVERSION = YES_AGGRESSIVE;
				CLANG_CXX_LANGUAGE_STANDARD = "gnu++20";
				CLANG_ENABLE_MODULES = YES;
				CLANG_ENABLE_OBJC_ARC = YES;
				CLANG_ENABLE_OBJC_WEAK = YES;
				CLANG_WARN_BLOCK_CAPTURE_AUTORELEASING = YES;
				CLANG_WARN_BOOL_CONVERSION = YES;
				CLANG_WARN_COMMA = YES;
				CLANG_WARN_CONSTANT_CONVERSION = YES;
				CLANG_WARN_DEPRECATED_OBJC_IMPLEMENTATIONS = YES;
				CLANG_WARN_DIRECT_OBJC_ISA_USAGE = YES_ERROR;
				CLANG_WARN_DOCUMENTATION_COMMENTS = YES;
				CLANG_WARN_EMPTY_BODY = YES;
				CLANG_WARN_ENUM_CONVERSION = YES;
				CLANG_WARN_INFINITE_RECURSION = YES;
				CLANG_WARN_INT_CONVERSION = YES;
				CLANG_WARN_NON_LITERAL_NULL_CONVERSION = YES;
				CLANG_WARN_OBJC_IMPLICIT_RETAIN_SELF = YES;
				CLANG_WARN_OBJC_LITERAL_CONVERSION = YES;
				CLANG_WARN_OBJC_ROOT_CLASS = YES_ERROR;
				CLANG_WARN_QUOTED_INCLUDE_IN_FRAMEWORK_HEADER = YES;
				CLANG_WARN_RANGE_LOOP_ANALYSIS = YES;
				CLANG_WARN_STRICT_PROTOTYPES = YES;
				CLANG_WARN_SUSPICIOUS_MOVE = YES;
				CLANG_WARN_UNGUARDED_AVAILABILITY = YES_AGGRESSIVE;
				CLANG_WARN_UNREACHABLE_CODE = YES;
				CLANG_WARN__DUPLICATE_METHOD_MATCH = YES;
				COPY_PHASE_STRIP = NO;
				DEBUG_INFORMATION_FORMAT = "dwarf-with-dsym";
				DEVELOPMENT_TEAM = 2SA3MG4CCA;
				ENABLE_NS_ASSERTIONS = NO;
				ENABLE_STRICT_OBJC_MSGSEND = YES;
				ENABLE_USER_SCRIPT_SANDBOXING = YES;
				GCC_C_LANGUAGE_STANDARD = gnu17;
				GCC_NO_COMMON_BLOCKS = YES;
				GCC_WARN_64_TO_32_BIT_CONVERSION = YES;
				GCC_WARN_ABOUT_RETURN_TYPE = YES_ERROR;
				GCC_WARN_UNDECLARED_SELECTOR = YES;
				GCC_WARN_UNINITIALIZED_AUTOS = YES_AGGRESSIVE;
				GCC_WARN_UNUSED_FUNCTION = YES;
				GCC_WARN_UNUSED_VARIABLE = YES;
				IPHONEOS_DEPLOYMENT_TARGET = 26.0;
				LOCALIZATION_PREFERS_STRING_CATALOGS = YES;
				MTL_ENABLE_DEBUG_INFO = NO;
				MTL_FAST_MATH = YES;
				SDKROOT = iphoneos;
				SWIFT_COMPILATION_MODE = wholemodule;
				VALIDATE_PRODUCT = YES;
			};
			name = Release;
		};
		6D91C37D2EEF0BDC000A82B1 /* Debug */ = {
			isa = XCBuildConfiguration;
			buildSettings = {
				BUNDLE_LOADER = "$(TEST_HOST)";
				CODE_SIGN_STYLE = Automatic;
				CURRENT_PROJECT_VERSION = 1;
				DEVELOPMENT_TEAM = 2SA3MG4CCA;
				GENERATE_INFOPLIST_FILE = YES;
				IPHONEOS_DEPLOYMENT_TARGET = 26.0;
				MARKETING_VERSION = 1.0;
				PRODUCT_BUNDLE_IDENTIFIER = com.attallah.ReadyUIKiteTaskTests;
				PRODUCT_NAME = "$(TARGET_NAME)";
				STRING_CATALOG_GENERATE_SYMBOLS = NO;
				SWIFT_APPROACHABLE_CONCURRENCY = YES;
				SWIFT_EMIT_LOC_STRINGS = NO;
				SWIFT_UPCOMING_FEATURE_MEMBER_IMPORT_VISIBILITY = YES;
				SWIFT_VERSION = 5.0;
				TARGETED_DEVICE_FAMILY = "1,2";
				TEST_HOST = "$(BUILT_PRODUCTS_DIR)/ReadyUIKiteTask.app/$(BUNDLE_EXECUTABLE_FOLDER_PATH)/ReadyUIKiteTask";
			};
			name = Debug;
		};
		6D91C37E2EEF0BDC000A82B1 /* Release */ = {
			isa = XCBuildConfiguration;
			buildSettings = {
				BUNDLE_LOADER = "$(TEST_HOST)";
				CODE_SIGN_STYLE = Automatic;
				CURRENT_PROJECT_VERSION = 1;
				DEVELOPMENT_TEAM = 2SA3MG4CCA;
				GENERATE_INFOPLIST_FILE = YES;
				IPHONEOS_DEPLOYMENT_TARGET = 26.0;
				MARKETING_VERSION = 1.0;
				PRODUCT_BUNDLE_IDENTIFIER = com.attallah.ReadyUIKiteTaskTests;
				PRODUCT_NAME = "$(TARGET_NAME)";
				STRING_CATALOG_GENERATE_SYMBOLS = NO;
				SWIFT_APPROACHABLE_CONCURRENCY = YES;
				SWIFT_EMIT_LOC_STRINGS = NO;
				SWIFT_UPCOMING_FEATURE_MEMBER_IMPORT_VISIBILITY = YES;
				SWIFT_VERSION = 5.0;
				TARGETED_DEVICE_FAMILY = "1,2";
				TEST_HOST = "$(BUILT_PRODUCTS_DIR)/ReadyUIKiteTask.app/$(BUNDLE_EXECUTABLE_FOLDER_PATH)/ReadyUIKiteTask";
			};
			name = Release;
		};
		6D91C3802EEF0BDC000A82B1 /* Debug */ = {
			isa = XCBuildConfiguration;
			buildSettings = {
				CODE_SIGN_STYLE = Automatic;
				CURRENT_PROJECT_VERSION = 1;
				DEVELOPMENT_TEAM = 2SA3MG4CCA;
				GENERATE_INFOPLIST_FILE = YES;
				MARKETING_VERSION = 1.0;
				PRODUCT_BUNDLE_IDENTIFIER = com.attallah.ReadyUIKiteTaskUITests;
				PRODUCT_NAME = "$(TARGET_NAME)";
				STRING_CATALOG_GENERATE_SYMBOLS = NO;
				SWIFT_APPROACHABLE_CONCURRENCY = YES;
				SWIFT_EMIT_LOC_STRINGS = NO;
				SWIFT_UPCOMING_FEATURE_MEMBER_IMPORT_VISIBILITY = YES;
				SWIFT_VERSION = 5.0;
				TARGETED_DEVICE_FAMILY = "1,2";
				TEST_TARGET_NAME = ReadyUIKiteTask;
			};
			name = Debug;
		};
		6D91C3812EEF0BDC000A82B1 /* Release */ = {
			isa = XCBuildConfiguration;
			buildSettings = {
				CODE_SIGN_STYLE = Automatic;
				CURRENT_PROJECT_VERSION = 1;
				DEVELOPMENT_TEAM = 2SA3MG4CCA;
				GENERATE_INFOPLIST_FILE = YES;
				MARKETING_VERSION = 1.0;
				PRODUCT_BUNDLE_IDENTIFIER = com.attallah.ReadyUIKiteTaskUITests;
				PRODUCT_NAME = "$(TARGET_NAME)";
				STRING_CATALOG_GENERATE_SYMBOLS = NO;
				SWIFT_APPROACHABLE_CONCURRENCY = YES;
				SWIFT_EMIT_LOC_STRINGS = NO;
				SWIFT_UPCOMING_FEATURE_MEMBER_IMPORT_VISIBILITY = YES;
				SWIFT_VERSION = 5.0;
				TARGETED_DEVICE_FAMILY = "1,2";
				TEST_TARGET_NAME = ReadyUIKiteTask;
			};
			name = Release;
		};
/* End XCBuildConfiguration section */

/* Begin XCConfigurationList section */
		6D91C3492EEF0BDB000A82B1 /* Build configuration list for PBXProject "ReadyUIKiteTask" */ = {
			isa = XCConfigurationList;
			buildConfigurations = (
				6D91C37A2EEF0BDC000A82B1 /* Debug */,
				6D91C37B2EEF0BDC000A82B1 /* Release */,
			);
			defaultConfigurationIsVisible = 0;
			defaultConfigurationName = Release;
		};
		6D91C3772EEF0BDC000A82B1 /* Build configuration list for PBXNativeTarget "ReadyUIKiteTask" */ = {
			isa = XCConfigurationList;
			buildConfigurations = (
				6D91C3782EEF0BDC000A82B1 /* Debug */,
				6D91C3792EEF0BDC000A82B1 /* Release */,
			);
			defaultConfigurationIsVisible = 0;
			defaultConfigurationName = Release;
		};
		6D91C37C2EEF0BDC000A82B1 /* Build configuration list for PBXNativeTarget "ReadyUIKiteTaskTests" */ = {
			isa = XCConfigurationList;
			buildConfigurations = (
				6D91C37D2EEF0BDC000A82B1 /* Debug */,
				6D91C37E2EEF0BDC000A82B1 /* Release */,
			);
			defaultConfigurationIsVisible = 0;
			defaultConfigurationName = Release;
		};
		6D91C37F2EEF0BDC000A82B1 /* Build configuration list for PBXNativeTarget "ReadyUIKiteTaskUITests" */ = {
			isa = XCConfigurationList;
			buildConfigurations = (
				6D91C3802EEF0BDC000A82B1 /* Debug */,
				6D91C3812EEF0BDC000A82B1 /* Release */,
			);
			defaultConfigurationIsVisible = 0;
			defaultConfigurationName = Release;
		};
/* End XCConfigurationList section */
	};
	rootObject = 6D91C3462EEF0BDB000A82B1 /* Project object */;
}
