// !$*UTF8*$!
{
	archiveVersion = 1;
	classes = {
	};
	objectVersion = 77;
	objects = {

/* Begin PBXContainerItemProxy section */
		6D91C3282EEF0BC1000A82B1 /* PBXContainerItemProxy */ = {
			isa = PBXContainerItemProxy;
			containerPortal = 6D91C3092EEF0BBF000A82B1 /* Project object */;
			proxyType = 1;
			remoteGlobalIDString = 6D91C3102EEF0BBF000A82B1;
			remoteInfo = ReadyTask;
		};
		6D91C3322EEF0BC1000A82B1 /* PBXContainerItemProxy */ = {
			isa = PBXContainerItemProxy;
			containerPortal = 6D91C3092EEF0BBF000A82B1 /* Project object */;
			proxyType = 1;
			remoteGlobalIDString = 6D91C3102EEF0BBF000A82B1;
			remoteInfo = ReadyTask;
		};
/* End PBXContainerItemProxy section */

/* Begin PBXFileReference section */
		6D91C3112EEF0BBF000A82B1 /* ReadyTask.app */ = {isa = PBXFileReference; explicitFileType = wrapper.application; includeInIndex = 0; path = ReadyTask.app; sourceTree = BUILT_PRODUCTS_DIR; };
		6D91C3272EEF0BC1000A82B1 /* ReadyTaskTests.xctest */ = {isa = PBXFileReference; explicitFileType = wrapper.cfbundle; includeInIndex = 0; path = ReadyTaskTests.xctest; sourceTree = BUILT_PRODUCTS_DIR; };
		6D91C3312EEF0BC1000A82B1 /* ReadyTaskUITests.xctest */ = {isa = PBXFileReference; explicitFileType = wrapper.cfbundle; includeInIndex = 0; path = ReadyTaskUITests.xctest; sourceTree = BUILT_PRODUCTS_DIR; };
/* End PBXFileReference section */

/* Begin PBXFileSystemSynchronizedBuildFileExceptionSet section */
		6D91C3392EEF0BC1000A82B1 /* Exceptions for "ReadyTask" folder in "ReadyTask" target */ = {
			isa = PBXFileSystemSynchronizedBuildFileExceptionSet;
			membershipExceptions = (
				Info.plist,
			);
			target = 6D91C3102EEF0BBF000A82B1 /* ReadyTask */;
		};
/* End PBXFileSystemSynchronizedBuildFileExceptionSet section */

/* Begin PBXFileSystemSynchronizedRootGroup section */
		6D91C3132EEF0BBF000A82B1 /* ReadyTask */ = {
			isa = PBXFileSystemSynchronizedRootGroup;
			exceptions = (
				6D91C3392EEF0BC1000A82B1 /* Exceptions for "ReadyTask" folder in "ReadyTask" target */,
			);
			path = ReadyTask;
			sourceTree = "<group>";
		};
		6D91C32A2EEF0BC1000A82B1 /* ReadyTaskTests */ = {
			isa = PBXFileSystemSynchronizedRootGroup;
			path = ReadyTaskTests;
			sourceTree = "<group>";
		};
		6D91C3342EEF0BC1000A82B1 /* ReadyTaskUITests */ = {
			isa = PBXFileSystemSynchronizedRootGroup;
			path = ReadyTaskUITests;
			sourceTree = "<group>";
		};
/* End PBXFileSystemSynchronizedRootGroup section */

/* Begin PBXFrameworksBuildPhase section */
		6D91C30E2EEF0BBF000A82B1 /* Frameworks */ = {
			isa = PBXFrameworksBuildPhase;
			buildActionMask = 2147483647;
			files = (
			);
			runOnlyForDeploymentPostprocessing = 0;
		};
		6D91C3242EEF0BC1000A82B1 /* Frameworks */ = {
			isa = PBXFrameworksBuildPhase;
			buildActionMask = 2147483647;
			files = (
			);
			runOnlyForDeploymentPostprocessing = 0;
		};
		6D91C32E2EEF0BC1000A82B1 /* Frameworks */ = {
			isa = PBXFrameworksBuildPhase;
			buildActionMask = 2147483647;
			files = (
			);
			runOnlyForDeploymentPostprocessing = 0;
		};
/* End PBXFrameworksBuildPhase section */

/* Begin PBXGroup section */
		6D91C3082EEF0BBF000A82B1 = {
			isa = PBXGroup;
			children = (
				6D91C3132EEF0BBF000A82B1 /* ReadyTask */,
				6D91C32A2EEF0BC1000A82B1 /* ReadyTaskTests */,
				6D91C3342EEF0BC1000A82B1 /* ReadyTaskUITests */,
				6D91C3122EEF0BBF000A82B1 /* Products */,
			);
			sourceTree = "<group>";
		};
		6D91C3122EEF0BBF000A82B1 /* Products */ = {
			isa = PBXGroup;
			children = (
				6D91C3112EEF0BBF000A82B1 /* ReadyTask.app */,
				6D91C3272EEF0BC1000A82B1 /* ReadyTaskTests.xctest */,
				6D91C3312EEF0BC1000A82B1 /* ReadyTaskUITests.xctest */,
			);
			name = Products;
			sourceTree = "<group>";
		};
/* End PBXGroup section */

/* Begin PBXNativeTarget section */
		6D91C3102EEF0BBF000A82B1 /* ReadyTask */ = {
			isa = PBXNativeTarget;
			buildConfigurationList = 6D91C33A2EEF0BC1000A82B1 /* Build configuration list for PBXNativeTarget "ReadyTask" */;
			buildPhases = (
				6D91C30D2EEF0BBF000A82B1 /* Sources */,
				6D91C30E2EEF0BBF000A82B1 /* Frameworks */,
				6D91C30F2EEF0BBF000A82B1 /* Resources */,
			);
			buildRules = (
			);
			dependencies = (
			);
			fileSystemSynchronizedGroups = (
				6D91C3132EEF0BBF000A82B1 /* ReadyTask */,
			);
			name = ReadyTask;
			packageProductDependencies = (
			);
			productName = ReadyTask;
			productReference = 6D91C3112EEF0BBF000A82B1 /* ReadyTask.app */;
			productType = "com.apple.product-type.application";
		};
		6D91C3262EEF0BC1000A82B1 /* ReadyTaskTests */ = {
			isa = PBXNativeTarget;
			buildConfigurationList = 6D91C33F2EEF0BC1000A82B1 /* Build configuration list for PBXNativeTarget "ReadyTaskTests" */;
			buildPhases = (
				6D91C3232EEF0BC1000A82B1 /* Sources */,
				6D91C3242EEF0BC1000A82B1 /* Frameworks */,
				6D91C3252EEF0BC1000A82B1 /* Resources */,
			);
			buildRules = (
			);
			dependencies = (
				6D91C3292EEF0BC1000A82B1 /* PBXTargetDependency */,
			);
			fileSystemSynchronizedGroups = (
				6D91C32A2EEF0BC1000A82B1 /* ReadyTaskTests */,
			);
			name = ReadyTaskTests;
			packageProductDependencies = (
			);
			productName = ReadyTaskTests;
			productReference = 6D91C3272EEF0BC1000A82B1 /* ReadyTaskTests.xctest */;
			productType = "com.apple.product-type.bundle.unit-test";
		};
		6D91C3302EEF0BC1000A82B1 /* ReadyTaskUITests */ = {
			isa = PBXNativeTarget;
			buildConfigurationList = 6D91C3422EEF0BC1000A82B1 /* Build configuration list for PBXNativeTarget "ReadyTaskUITests" */;
			buildPhases = (
				6D91C32D2EEF0BC1000A82B1 /* Sources */,
				6D91C32E2EEF0BC1000A82B1 /* Frameworks */,
				6D91C32F2EEF0BC1000A82B1 /* Resources */,
			);
			buildRules = (
			);
			dependencies = (
				6D91C3332EEF0BC1000A82B1 /* PBXTargetDependency */,
			);
			fileSystemSynchronizedGroups = (
				6D91C3342EEF0BC1000A82B1 /* ReadyTaskUITests */,
			);
			name = ReadyTaskUITests;
			packageProductDependencies = (
			);
			productName = ReadyTaskUITests;
			productReference = 6D91C3312EEF0BC1000A82B1 /* ReadyTaskUITests.xctest */;
			productType = "com.apple.product-type.bundle.ui-testing";
		};
/* End PBXNativeTarget section */

/* Begin PBXProject section */
		6D91C3092EEF0BBF000A82B1 /* Project object */ = {
			isa = PBXProject;
			attributes = {
				BuildIndependentTargetsInParallel = 1;
				LastSwiftUpdateCheck = 2600;
				LastUpgradeCheck = 2600;
				TargetAttributes = {
					6D91C3102EEF0BBF000A82B1 = {
						CreatedOnToolsVersion = 26.0.1;
					};
					6D91C3262EEF0BC1000A82B1 = {
						CreatedOnToolsVersion = 26.0.1;
						TestTargetID = 6D91C3102EEF0BBF000A82B1;
					};
					6D91C3302EEF0BC1000A82B1 = {
						CreatedOnToolsVersion = 26.0.1;
						TestTargetID = 6D91C3102EEF0BBF000A82B1;
					};
				};
			};
			buildConfigurationList = 6D91C30C2EEF0BBF000A82B1 /* Build configuration list for PBXProject "ReadyTask" */;
			developmentRegion = en;
			hasScannedForEncodings = 0;
			knownRegions = (
				en,
				Base,
			);
			mainGroup = 6D91C3082EEF0BBF000A82B1;
			minimizedProjectReferenceProxies = 1;
			preferredProjectObjectVersion = 77;
			productRefGroup = 6D91C3122EEF0BBF000A82B1 /* Products */;
			projectDirPath = "";
			projectRoot = "";
			targets = (
				6D91C3102EEF0BBF000A82B1 /* ReadyTask */,
				6D91C3262EEF0BC1000A82B1 /* ReadyTaskTests */,
				6D91C3302EEF0BC1000A82B1 /* ReadyTaskUITests */,
			);
		};
/* End PBXProject section */

/* Begin PBXResourcesBuildPhase section */
		6D91C30F2EEF0BBF000A82B1 /* Resources */ = {
			isa = PBXResourcesBuildPhase;
			buildActionMask = 2147483647;
			files = (
			);
			runOnlyForDeploymentPostprocessing = 0;
		};
		6D91C3252EEF0BC1000A82B1 /* Resources */ = {
			isa = PBXResourcesBuildPhase;
			buildActionMask = 2147483647;
			files = (
			);
			runOnlyForDeploymentPostprocessing = 0;
		};
		6D91C32F2EEF0BC1000A82B1 /* Resources */ = {
			isa = PBXResourcesBuildPhase;
			buildActionMask = 2147483647;
			files = (
			);
			runOnlyForDeploymentPostprocessing = 0;
		};
/* End PBXResourcesBuildPhase section */

/* Begin PBXSourcesBuildPhase section */
		6D91C30D2EEF0BBF000A82B1 /* Sources */ = {
			isa = PBXSourcesBuildPhase;
			buildActionMask = 2147483647;
			files = (
			);
			runOnlyForDeploymentPostprocessing = 0;
		};
		6D91C3232EEF0BC1000A82B1 /* Sources */ = {
			isa = PBXSourcesBuildPhase;
			buildActionMask = 2147483647;
			files = (
			);
			runOnlyForDeploymentPostprocessing = 0;
		};
		6D91C32D2EEF0BC1000A82B1 /* Sources */ = {
			isa = PBXSourcesBuildPhase;
			buildActionMask = 2147483647;
			files = (
			);
			runOnlyForDeploymentPostprocessing = 0;
		};
/* End PBXSourcesBuildPhase section */

/* Begin PBXTargetDependency section */
		6D91C3292EEF0BC1000A82B1 /* PBXTargetDependency */ = {
			isa = PBXTargetDependency;
			target = 6D91C3102EEF0BBF000A82B1 /* ReadyTask */;
			targetProxy = 6D91C3282EEF0BC1000A82B1 /* PBXContainerItemProxy */;
		};
		6D91C3332EEF0BC1000A82B1 /* PBXTargetDependency */ = {
			isa = PBXTargetDependency;
			target = 6D91C3102EEF0BBF000A82B1 /* ReadyTask */;
			targetProxy = 6D91C3322EEF0BC1000A82B1 /* PBXContainerItemProxy */;
		};
/* End PBXTargetDependency section */

/* Begin XCBuildConfiguration section */
		6D91C33B2EEF0BC1000A82B1 /* Debug */ = {
			isa = XCBuildConfiguration;
			buildSettings = {
				ASSETCATALOG_COMPILER_APPICON_NAME = AppIcon;
				ASSETCATALOG_COMPILER_GLOBAL_ACCENT_COLOR_NAME = AccentColor;
				CODE_SIGN_STYLE = Automatic;
				CURRENT_PROJECT_VERSION = 1;
				DEVELOPMENT_TEAM = 2SA3MG4CCA;
				GENERATE_INFOPLIST_FILE = YES;
				INFOPLIST_FILE = ReadyTask/Info.plist;
				INFOPLIST_KEY_UIApplicationSupportsIndirectInputEvents = YES;
				INFOPLIST_KEY_UILaunchStoryboardName = LaunchScreen;
				INFOPLIST_KEY_UIMainStoryboardFile = Main;
				INFOPLIST_KEY_UISupportedInterfaceOrientations_iPad = "UIInterfaceOrientationPortrait UIInterfaceOrientationPortraitUpsideDown UIInterfaceOrientationLandscapeLeft UIInterfaceOrientationLandscapeRight";
				INFOPLIST_KEY_UISupportedInterfaceOrientations_iPhone = "UIInterfaceOrientationPortrait UIInterfaceOrientationLandscapeLeft UIInterfaceOrientationLandscapeRight";
				LD_RUNPATH_SEARCH_PATHS = (
					"$(inherited)",
					"@executable_path/Frameworks",
				);
				MARKETING_VERSION = 1.0;
				PRODUCT_BUNDLE_IDENTIFIER = com.attallah.ReadyTask;
				PRODUCT_NAME = "$(TARGET_NAME)";
				STRING_CATALOG_GENERATE_SYMBOLS = YES;
				SWIFT_APPROACHABLE_CONCURRENCY = YES;
				SWIFT_DEFAULT_ACTOR_ISOLATION = MainActor;
				SWIFT_EMIT_LOC_STRINGS = YES;
				SWIFT_UPCOMING_FEATURE_MEMBER_IMPORT_VISIBILITY = YES;
				SWIFT_VERSION = 5.0;
				TARGETED_DEVICE_FAMILY = "1,2";
			};
			name = Debug;
		};
		6D91C33C2EEF0BC1000A82B1 /* Release */ = {
			isa = XCBuildConfiguration;
			buildSettings = {
				ASSETCATALOG_COMPILER_APPICON_NAME = AppIcon;
				ASSETCATALOG_COMPILER_GLOBAL_ACCENT_COLOR_NAME = AccentColor;
				CODE_SIGN_STYLE = Automatic;
				CURRENT_PROJECT_VERSION = 1;
				DEVELOPMENT_TEAM = 2SA3MG4CCA;
				GENERATE_INFOPLIST_FILE = YES;
				INFOPLIST_FILE = ReadyTask/Info.plist;
				INFOPLIST_KEY_UIApplicationSupportsIndirectInputEvents = YES;
				INFOPLIST_KEY_UILaunchStoryboardName = LaunchScreen;
				INFOPLIST_KEY_UIMainStoryboardFile = Main;
				INFOPLIST_KEY_UISupportedInterfaceOrientations_iPad = "UIInterfaceOrientationPortrait UIInterfaceOrientationPortraitUpsideDown UIInterfaceOrientationLandscapeLeft UIInterfaceOrientationLandscapeRight";
				INFOPLIST_KEY_UISupportedInterfaceOrientations_iPhone = "UIInterfaceOrientationPortrait UIInterfaceOrientationLandscapeLeft UIInterfaceOrientationLandscapeRight";
				LD_RUNPATH_SEARCH_PATHS = (
					"$(inherited)",
					"@executable_path/Frameworks",
				);
				MARKETING_VERSION = 1.0;
				PRODUCT_BUNDLE_IDENTIFIER = com.attallah.ReadyTask;
				PRODUCT_NAME = "$(TARGET_NAME)";
				STRING_CATALOG_GENERATE_SYMBOLS = YES;
				SWIFT_APPROACHABLE_CONCURRENCY = YES;
				SWIFT_DEFAULT_ACTOR_ISOLATION = MainActor;
				SWIFT_EMIT_LOC_STRINGS = YES;
				SWIFT_UPCOMING_FEATURE_MEMBER_IMPORT_VISIBILITY = YES;
				SWIFT_VERSION = 5.0;
				TARGETED_DEVICE_FAMILY = "1,2";
			};
			name = Release;
		};
		6D91C33D2EEF0BC1000A82B1 /* Debug */ = {
			isa = XCBuildConfiguration;
			buildSettings = {
				ALWAYS_SEARCH_USER_PATHS = NO;
				ASSETCATALOG_COMPILER_GENERATE_SWIFT_ASSET_SYMBOL_EXTENSIONS = YES;
				CLANG_ANALYZER_NONNULL = YES;
				CLANG_ANALYZER_NUMBER_OBJECT_CONVERSION = YES_AGGRESSIVE;
				CLANG_CXX_LANGUAGE_STANDARD = "gnu++20";
				CLANG_ENABLE_MODULES = YES;
				CLANG_ENABLE_OBJC_ARC = YES;
				CLANG_ENABLE_OBJC_WEAK = YES;
				CLANG_WARN_BLOCK_CAPTURE_AUTORELEASING = YES;
				CLANG_WARN_BOOL_CONVERSION = YES;
				CLANG_WARN_COMMA = YES;
				CLANG_WARN_CONSTANT_CONVERSION = YES;
				CLANG_WARN_DEPRECATED_OBJC_IMPLEMENTATIONS = YES;
				CLANG_WARN_DIRECT_OBJC_ISA_USAGE = YES_ERROR;
				CLANG_WARN_DOCUMENTATION_COMMENTS = YES;
				CLANG_WARN_EMPTY_BODY = YES;
				CLANG_WARN_ENUM_CONVERSION = YES;
				CLANG_WARN_INFINITE_RECURSION = YES;
				CLANG_WARN_INT_CONVERSION = YES;
				CLANG_WARN_NON_LITERAL_NULL_CONVERSION = YES;
				CLANG_WARN_OBJC_IMPLICIT_RETAIN_SELF = YES;
				CLANG_WARN_OBJC_LITERAL_CONVERSION = YES;
				CLANG_WARN_OBJC_ROOT_CLASS = YES_ERROR;
				CLANG_WARN_QUOTED_INCLUDE_IN_FRAMEWORK_HEADER = YES;
				CLANG_WARN_RANGE_LOOP_ANALYSIS = YES;
				CLANG_WARN_STRICT_PROTOTYPES = YES;
				CLANG_WARN_SUSPICIOUS_MOVE = YES;
				CLANG_WARN_UNGUARDED_AVAILABILITY = YES_AGGRESSIVE;
				CLANG_WARN_UNREACHABLE_CODE = YES;
				CLANG_WARN__DUPLICATE_METHOD_MATCH = YES;
				COPY_PHASE_STRIP = NO;
				DEBUG_INFORMATION_FORMAT = dwarf;
				DEVELOPMENT_TEAM = 2SA3MG4CCA;
				ENABLE_STRICT_OBJC_MSGSEND = YES;
				ENABLE_TESTABILITY = YES;
				ENABLE_USER_SCRIPT_SANDBOXING = YES;
				GCC_C_LANGUAGE_STANDARD = gnu17;
				GCC_DYNAMIC_NO_PIC = NO;
				GCC_NO_COMMON_BLOCKS = YES;
				GCC_OPTIMIZATION_LEVEL = 0;
				GCC_PREPROCESSOR_DEFINITIONS = (
					"DEBUG=1",
					"$(inherited)",
				);
				GCC_WARN_64_TO_32_BIT_CONVERSION = YES;
				GCC_WARN_ABOUT_RETURN_TYPE = YES_ERROR;
				GCC_WARN_UNDECLARED_SELECTOR = YES;
				GCC_WARN_UNINITIALIZED_AUTOS = YES_AGGRESSIVE;
				GCC_WARN_UNUSED_FUNCTION = YES;
				GCC_WARN_UNUSED_VARIABLE = YES;
				IPHONEOS_DEPLOYMENT_TARGET = 26.0;
				LOCALIZATION_PREFERS_STRING_CATALOGS = YES;
				MTL_ENABLE_DEBUG_INFO = INCLUDE_SOURCE;
				MTL_FAST_MATH = YES;
				ONLY_ACTIVE_ARCH = YES;
				SDKROOT = iphoneos;
				SWIFT_ACTIVE_COMPILATION_CONDITIONS = "DEBUG $(inherited)";
				SWIFT_OPTIMIZATION_LEVEL = "-Onone";
			};
			name = Debug;
		};
		6D91C33E2EEF0BC1000A82B1 /* Release */ = {
			isa = XCBuildConfiguration;
			buildSettings = {
				ALWAYS_SEARCH_USER_PATHS = NO;
				ASSETCATALOG_COMPILER_GENERATE_SWIFT_ASSET_SYMBOL_EXTENSIONS = YES;
				CLANG_ANALYZER_NONNULL = YES;
				CLANG_ANALYZER_NUMBER_OBJECT_CONVERSION = YES_AGGRESSIVE;
				CLANG_CXX_LANGUAGE_STANDARD = "gnu++20";
				CLANG_ENABLE_MODULES = YES;
				CLANG_ENABLE_OBJC_ARC = YES;
				CLANG_ENABLE_OBJC_WEAK = YES;
				CLANG_WARN_BLOCK_CAPTURE_AUTORELEASING = YES;
				CLANG_WARN_BOOL_CONVERSION = YES;
				CLANG_WARN_COMMA = YES;
				CLANG_WARN_CONSTANT_CONVERSION = YES;
				CLANG_WARN_DEPRECATED_OBJC_IMPLEMENTATIONS = YES;
				CLANG_WARN_DIRECT_OBJC_ISA_USAGE = YES_ERROR;
				CLANG_WARN_DOCUMENTATION_COMMENTS = YES;
				CLANG_WARN_EMPTY_BODY = YES;
				CLANG_WARN_ENUM_CONVERSION = YES;
				CLANG_WARN_INFINITE_RECURSION = YES;
				CLANG_WARN_INT_CONVERSION = YES;
				CLANG_WARN_NON_LITERAL_NULL_CONVERSION = YES;
				CLANG_WARN_OBJC_IMPLICIT_RETAIN_SELF = YES;
				CLANG_WARN_OBJC_LITERAL_CONVERSION = YES;
				CLANG_WARN_OBJC_ROOT_CLASS = YES_ERROR;
				CLANG_WARN_QUOTED_INCLUDE_IN_FRAMEWORK_HEADER = YES;
				CLANG_WARN_RANGE_LOOP_ANALYSIS = YES;
				CLANG_WARN_STRICT_PROTOTYPES = YES;
				CLANG_WARN_SUSPICIOUS_MOVE = YES;
				CLANG_WARN_UNGUARDED_AVAILABILITY = YES_AGGRESSIVE;
				CLANG_WARN_UNREACHABLE_CODE = YES;
				CLANG_WARN__DUPLICATE_METHOD_MATCH = YES;
				COPY_PHASE_STRIP = NO;
				DEBUG_INFORMATION_FORMAT = "dwarf-with-dsym";
				DEVELOPMENT_TEAM = 2SA3MG4CCA;
				ENABLE_NS_ASSERTIONS = NO;
				ENABLE_STRICT_OBJC_MSGSEND = YES;
				ENABLE_USER_SCRIPT_SANDBOXING = YES;
				GCC_C_LANGUAGE_STANDARD = gnu17;
				GCC_NO_COMMON_BLOCKS = YES;
				GCC_WARN_64_TO_32_BIT_CONVERSION = YES;
				GCC_WARN_ABOUT_RETURN_TYPE = YES_ERROR;
				GCC_WARN_UNDECLARED_SELECTOR = YES;
				GCC_WARN_UNINITIALIZED_AUTOS = YES_AGGRESSIVE;
				GCC_WARN_UNUSED_FUNCTION = YES;
				GCC_WARN_UNUSED_VARIABLE = YES;
				IPHONEOS_DEPLOYMENT_TARGET = 26.0;
				LOCALIZATION_PREFERS_STRING_CATALOGS = YES;
				MTL_ENABLE_DEBUG_INFO = NO;
				MTL_FAST_MATH = YES;
				SDKROOT = iphoneos;
				SWIFT_COMPILATION_MODE = wholemodule;
				VALIDATE_PRODUCT = YES;
			};
			name = Release;
		};
		6D91C3402EEF0BC1000A82B1 /* Debug */ = {
			isa = XCBuildConfiguration;
			buildSettings = {
				BUNDLE_LOADER = "$(TEST_HOST)";
				CODE_SIGN_STYLE = Automatic;
				CURRENT_PROJECT_VERSION = 1;
				DEVELOPMENT_TEAM = 2SA3MG4CCA;
				GENERATE_INFOPLIST_FILE = YES;
				IPHONEOS_DEPLOYMENT_TARGET = 26.0;
				MARKETING_VERSION = 1.0;
				PRODUCT_BUNDLE_IDENTIFIER = com.attallah.ReadyTaskTests;
				PRODUCT_NAME = "$(TARGET_NAME)";
				STRING_CATALOG_GENERATE_SYMBOLS = NO;
				SWIFT_APPROACHABLE_CONCURRENCY = YES;
				SWIFT_EMIT_LOC_STRINGS = NO;
				SWIFT_UPCOMING_FEATURE_MEMBER_IMPORT_VISIBILITY = YES;
				SWIFT_VERSION = 5.0;
				TARGETED_DEVICE_FAMILY = "1,2";
				TEST_HOST = "$(BUILT_PRODUCTS_DIR)/ReadyTask.app/$(BUNDLE_EXECUTABLE_FOLDER_PATH)/ReadyTask";
			};
			name = Debug;
		};
		6D91C3412EEF0BC1000A82B1 /* Release */ = {
			isa = XCBuildConfiguration;
			buildSettings = {
				BUNDLE_LOADER = "$(TEST_HOST)";
				CODE_SIGN_STYLE = Automatic;
				CURRENT_PROJECT_VERSION = 1;
				DEVELOPMENT_TEAM = 2SA3MG4CCA;
				GENERATE_INFOPLIST_FILE = YES;
				IPHONEOS_DEPLOYMENT_TARGET = 26.0;
				MARKETING_VERSION = 1.0;
				PRODUCT_BUNDLE_IDENTIFIER = com.attallah.ReadyTaskTests;
				PRODUCT_NAME = "$(TARGET_NAME)";
				STRING_CATALOG_GENERATE_SYMBOLS = NO;
				SWIFT_APPROACHABLE_CONCURRENCY = YES;
				SWIFT_EMIT_LOC_STRINGS = NO;
				SWIFT_UPCOMING_FEATURE_MEMBER_IMPORT_VISIBILITY = YES;
				SWIFT_VERSION = 5.0;
				TARGETED_DEVICE_FAMILY = "1,2";
				TEST_HOST = "$(BUILT_PRODUCTS_DIR)/ReadyTask.app/$(BUNDLE_EXECUTABLE_FOLDER_PATH)/ReadyTask";
			};
			name = Release;
		};
		6D91C3432EEF0BC1000A82B1 /* Debug */ = {
			isa = XCBuildConfiguration;
			buildSettings = {
				CODE_SIGN_STYLE = Automatic;
				CURRENT_PROJECT_VERSION = 1;
				DEVELOPMENT_TEAM = 2SA3MG4CCA;
				GENERATE_INFOPLIST_FILE = YES;
				MARKETING_VERSION = 1.0;
				PRODUCT_BUNDLE_IDENTIFIER = com.attallah.ReadyTaskUITests;
				PRODUCT_NAME = "$(TARGET_NAME)";
				STRING_CATALOG_GENERATE_SYMBOLS = NO;
				SWIFT_APPROACHABLE_CONCURRENCY = YES;
				SWIFT_EMIT_LOC_STRINGS = NO;
				SWIFT_UPCOMING_FEATURE_MEMBER_IMPORT_VISIBILITY = YES;
				SWIFT_VERSION = 5.0;
				TARGETED_DEVICE_FAMILY = "1,2";
				TEST_TARGET_NAME = ReadyTask;
			};
			name = Debug;
		};
		6D91C3442EEF0BC1000A82B1 /* Release */ = {
			isa = XCBuildConfiguration;
			buildSettings = {
				CODE_SIGN_STYLE = Automatic;
				CURRENT_PROJECT_VERSION = 1;
				DEVELOPMENT_TEAM = 2SA3MG4CCA;
				GENERATE_INFOPLIST_FILE = YES;
				MARKETING_VERSION = 1.0;
				PRODUCT_BUNDLE_IDENTIFIER = com.attallah.ReadyTaskUITests;
				PRODUCT_NAME = "$(TARGET_NAME)";
				STRING_CATALOG_GENERATE_SYMBOLS = NO;
				SWIFT_APPROACHABLE_CONCURRENCY = YES;
				SWIFT_EMIT_LOC_STRINGS = NO;
				SWIFT_UPCOMING_FEATURE_MEMBER_IMPORT_VISIBILITY = YES;
				SWIFT_VERSION = 5.0;
				TARGETED_DEVICE_FAMILY = "1,2";
				TEST_TARGET_NAME = ReadyTask;
			};
			name = Release;
		};
/* End XCBuildConfiguration section */

/* Begin XCConfigurationList section */
		6D91C30C2EEF0BBF000A82B1 /* Build configuration list for PBXProject "ReadyTask" */ = {
			isa = XCConfigurationList;
			buildConfigurations = (
				6D91C33D2EEF0BC1000A82B1 /* Debug */,
				6D91C33E2EEF0BC1000A82B1 /* Release */,
			);
			defaultConfigurationIsVisible = 0;
			defaultConfigurationName = Release;
		};
		6D91C33A2EEF0BC1000A82B1 /* Build configuration list for PBXNativeTarget "ReadyTask" */ = {
			isa = XCConfigurationList;
			buildConfigurations = (
				6D91C33B2EEF0BC1000A82B1 /* Debug */,
				6D91C33C2EEF0BC1000A82B1 /* Release */,
			);
			defaultConfigurationIsVisible = 0;
			defaultConfigurationName = Release;
		};
		6D91C33F2EEF0BC1000A82B1 /* Build configuration list for PBXNativeTarget "ReadyTaskTests" */ = {
			isa = XCConfigurationList;
			buildConfigurations = (
				6D91C3402EEF0BC1000A82B1 /* Debug */,
				6D91C3412EEF0BC1000A82B1 /* Release */,
			);
			defaultConfigurationIsVisible = 0;
			defaultConfigurationName = Release;
		};
		6D91C3422EEF0BC1000A82B1 /* Build configuration list for PBXNativeTarget "ReadyTaskUITests" */ = {
			isa = XCConfigurationList;
			buildConfigurations = (
				6D91C3432EEF0BC1000A82B1 /* Debug */,
				6D91C3442EEF0BC1000A82B1 /* Release */,
			);
			defaultConfigurationIsVisible = 0;
			defaultConfigurationName = Release;
		};
/* End XCConfigurationList section */
	};
	rootObject = 6D91C3092EEF0BBF000A82B1 /* Project object */;
}
